{
  "name": "package-commonjs-module",
  "version": "1.0.0",
  "lockfileVersion": 3,
  "requires": true,
  "packages": {
    "": {
      "name": "package-commonjs-module",
      "version": "1.0.0",
      "license": "ISC",
      "dependencies": {
        "fly-storage": "file:../fly-storage"
      },
      "engines": {
        "node": ">=20.0.0"
      }
    },
    "../fly-storage": {
      "version": "1.0.0",
      "license": "ISC",
      "dependencies": {
        "package-es-module": "file:../package-es-module"
      }
    },
    "node_modules/fly-storage": {
      "resolved": "../fly-storage",
      "link": true
    }
  }
}
